
Microsoft Visual Studio Solution File, Format Version 12.00
# Visual Studio 2012
Project("{FAE04EC0-301F-11D3-BF4B-00C04F79EFBC}") = "ConPlex", "ConPlex\ConPlex.csproj", "{6A6A52F9-9B30-4A5F-AF68-38B0685806F1}"
EndProject
Project("{FAE04EC0-301F-11D3-BF4B-00C04F79EFBC}") = "ConPlexTestHandle", "ConPlexTestHandle\ConPlexTestHandle.csproj", "{01485A4E-3198-4741-AEC8-0010665D1644}"
EndProject
Global
	GlobalSection(SolutionConfigurationPlatforms) = preSolution
		Debug|Any CPU = Debug|Any CPU
		Release|Any CPU = Release|Any CPU
	EndGlobalSection
	GlobalSection(ProjectConfigurationPlatforms) = postSolution
		{01485A4E-3198-4741-AEC8-0010665D1644}.Debug|Any CPU.ActiveCfg = Debug|Any CPU
		{01485A4E-3198-4741-AEC8-0010665D1644}.Debug|Any CPU.Build.0 = Debug|Any CPU
		{01485A4E-3198-4741-AEC8-0010665D1644}.Release|Any CPU.ActiveCfg = Release|Any CPU
		{01485A4E-3198-4741-AEC8-0010665D1644}.Release|Any CPU.Build.0 = Release|Any CPU
		{6A6A52F9-9B30-4A5F-AF68-38B0685806F1}.Debug|Any CPU.ActiveCfg = Debug|Any CPU
		{6A6A52F9-9B30-4A5F-AF68-38B0685806F1}.Debug|Any CPU.Build.0 = Debug|Any CPU
		{6A6A52F9-9B30-4A5F-AF68-38B0685806F1}.Release|Any CPU.ActiveCfg = Release|Any CPU
		{6A6A52F9-9B30-4A5F-AF68-38B0685806F1}.Release|Any CPU.Build.0 = Release|Any CPU
	EndGlobalSection
	GlobalSection(MonoDevelopProperties) = preSolution
		StartupItem = ConPlexTestHandle\ConPlexTestHandle.csproj
	EndGlobalSection
EndGlobal
